
Microsoft Visual Studio Solution File, Format Version 12.00
# Visual Studio Version 16
VisualStudioVersion = 16.0.30804.86
MinimumVisualStudioVersion = 10.0.40219.1
Project("{FAE04EC0-301F-11D3-BF4B-00C04F79EFBC}") = "Cupcakes", "Cupcakes.csproj", "{1C18441A-2EFE-46DE-836E-7F0B7F40ED6F}"
EndProject
Global
	GlobalSection(SolutionConfigurationPlatforms) = preSolution
		Debug|Any CPU = Debug|Any CPU
		Release|Any CPU = Release|Any CPU
	EndGlobalSection
	GlobalSection(ProjectConfigurationPlatforms) = postSolution
		{1C18441A-2EFE-46DE-836E-7F0B7F40ED6F}.Debug|Any CPU.ActiveCfg = Debug|Any CPU
		{1C18441A-2EFE-46DE-836E-7F0B7F40ED6F}.Debug|Any CPU.Build.0 = Debug|Any CPU
		{1C18441A-2EFE-46DE-836E-7F0B7F40ED6F}.Release|Any CPU.ActiveCfg = Release|Any CPU
		{1C18441A-2EFE-46DE-836E-7F0B7F40ED6F}.Release|Any CPU.Build.0 = Release|Any CPU
	EndGlobalSection
	GlobalSection(SolutionProperties) = preSolution
		HideSolutionNode = FALSE
	EndGlobalSection
	GlobalSection(ExtensibilityGlobals) = postSolution
		SolutionGuid = {D350C044-A59B-4F54-94D2-77AF85C1C327}
	EndGlobalSection
EndGlobal
